
Microsoft Visual Studio Solution File, Format Version 12.00
# Visual Studio 15
VisualStudioVersion = 15.0.26124.0
MinimumVisualStudioVersion = 15.0.26124.0
Project("{FAE04EC0-301F-11D3-BF4B-00C04F79EFBC}") = "SimpleBackup", "SimpleBackup\SimpleBackup.csproj", "{D8599392-3076-42BD-AD1D-AB28AF8B2B2C}"
EndProject
Project("{FAE04EC0-301F-11D3-BF4B-00C04F79EFBC}") = "SimpleBackup.Tests", "SimpleBackup.Tests\SimpleBackup.Tests.csproj", "{590E508C-6973-4E3A-BC32-BF3E3D581363}"
EndProject
Global
	GlobalSection(SolutionConfigurationPlatforms) = preSolution
		Debug|Any CPU = Debug|Any CPU
		Debug|x64 = Debug|x64
		Debug|x86 = Debug|x86
		Release|Any CPU = Release|Any CPU
		Release|x64 = Release|x64
		Release|x86 = Release|x86
	EndGlobalSection
	GlobalSection(SolutionProperties) = preSolution
		HideSolutionNode = FALSE
	EndGlobalSection
	GlobalSection(ProjectConfigurationPlatforms) = postSolution
		{D8599392-3076-42BD-AD1D-AB28AF8B2B2C}.Debug|Any CPU.ActiveCfg = Debug|Any CPU
		{D8599392-3076-42BD-AD1D-AB28AF8B2B2C}.Debug|Any CPU.Build.0 = Debug|Any CPU
		{D8599392-3076-42BD-AD1D-AB28AF8B2B2C}.Debug|x64.ActiveCfg = Debug|Any CPU
		{D8599392-3076-42BD-AD1D-AB28AF8B2B2C}.Debug|x64.Build.0 = Debug|Any CPU
		{D8599392-3076-42BD-AD1D-AB28AF8B2B2C}.Debug|x86.ActiveCfg = Debug|Any CPU
		{D8599392-3076-42BD-AD1D-AB28AF8B2B2C}.Debug|x86.Build.0 = Debug|Any CPU
		{D8599392-3076-42BD-AD1D-AB28AF8B2B2C}.Release|Any CPU.ActiveCfg = Release|Any CPU
		{D8599392-3076-42BD-AD1D-AB28AF8B2B2C}.Release|Any CPU.Build.0 = Release|Any CPU
		{D8599392-3076-42BD-AD1D-AB28AF8B2B2C}.Release|x64.ActiveCfg = Release|Any CPU
		{D8599392-3076-42BD-AD1D-AB28AF8B2B2C}.Release|x64.Build.0 = Release|Any CPU
		{D8599392-3076-42BD-AD1D-AB28AF8B2B2C}.Release|x86.ActiveCfg = Release|Any CPU
		{D8599392-3076-42BD-AD1D-AB28AF8B2B2C}.Release|x86.Build.0 = Release|Any CPU
		{590E508C-6973-4E3A-BC32-BF3E3D581363}.Debug|Any CPU.ActiveCfg = Debug|Any CPU
		{590E508C-6973-4E3A-BC32-BF3E3D581363}.Debug|Any CPU.Build.0 = Debug|Any CPU
		{590E508C-6973-4E3A-BC32-BF3E3D581363}.Debug|x64.ActiveCfg = Debug|Any CPU
		{590E508C-6973-4E3A-BC32-BF3E3D581363}.Debug|x64.Build.0 = Debug|Any CPU
		{590E508C-6973-4E3A-BC32-BF3E3D581363}.Debug|x86.ActiveCfg = Debug|Any CPU
		{590E508C-6973-4E3A-BC32-BF3E3D581363}.Debug|x86.Build.0 = Debug|Any CPU
		{590E508C-6973-4E3A-BC32-BF3E3D581363}.Release|Any CPU.ActiveCfg = Release|Any CPU
		{590E508C-6973-4E3A-BC32-BF3E3D581363}.Release|Any CPU.Build.0 = Release|Any CPU
		{590E508C-6973-4E3A-BC32-BF3E3D581363}.Release|x64.ActiveCfg = Release|Any CPU
		{590E508C-6973-4E3A-BC32-BF3E3D581363}.Release|x64.Build.0 = Release|Any CPU
		{590E508C-6973-4E3A-BC32-BF3E3D581363}.Release|x86.ActiveCfg = Release|Any CPU
		{590E508C-6973-4E3A-BC32-BF3E3D581363}.Release|x86.Build.0 = Release|Any CPU
	EndGlobalSection
EndGlobal
